
Microsoft Visual Studio Solution File, Format Version 12.00
# Visual Studio 2013
VisualStudioVersion = 12.0.21005.1
MinimumVisualStudioVersion = 10.0.40219.1
Project("{FAE04EC0-301F-11D3-BF4B-00C04F79EFBC}") = "TestApp", "TestApp\TestApp.csproj", "{4297DE67-1621-413E-A2A6-946D8C996258}"
EndProject
Project("{FAE04EC0-301F-11D3-BF4B-00C04F79EFBC}") = "TestApp.Tests", "TestApp.Tests\TestApp.Tests.csproj", "{9CBB9A5A-1999-43B9-AA42-1C350E8A8ADE}"
EndProject
Global
	GlobalSection(SolutionConfigurationPlatforms) = preSolution
		Debug|Any CPU = Debug|Any CPU
		Release|Any CPU = Release|Any CPU
	EndGlobalSection
	GlobalSection(ProjectConfigurationPlatforms) = postSolution
		{4297DE67-1621-413E-A2A6-946D8C996258}.Debug|Any CPU.ActiveCfg = Debug|Any CPU
		{4297DE67-1621-413E-A2A6-946D8C996258}.Debug|Any CPU.Build.0 = Debug|Any CPU
		{4297DE67-1621-413E-A2A6-946D8C996258}.Release|Any CPU.ActiveCfg = Release|Any CPU
		{4297DE67-1621-413E-A2A6-946D8C996258}.Release|Any CPU.Build.0 = Release|Any CPU
		{9CBB9A5A-1999-43B9-AA42-1C350E8A8ADE}.Debug|Any CPU.ActiveCfg = Debug|Any CPU
		{9CBB9A5A-1999-43B9-AA42-1C350E8A8ADE}.Debug|Any CPU.Build.0 = Debug|Any CPU
		{9CBB9A5A-1999-43B9-AA42-1C350E8A8ADE}.Release|Any CPU.ActiveCfg = Release|Any CPU
		{9CBB9A5A-1999-43B9-AA42-1C350E8A8ADE}.Release|Any CPU.Build.0 = Release|Any CPU
	EndGlobalSection
	GlobalSection(SolutionProperties) = preSolution
		HideSolutionNode = FALSE
	EndGlobalSection
EndGlobal
